{
  "name": "bingo-de-la-gorda-cuasifinal-funcional",
  "version": "5.1.0-cuasifinal-funcional.1",
  "lockfileVersion": 3,
  "requires": true,
  "packages": {
    "": {
      "name": "bingo-de-la-gorda-cuasifinal-funcional",
      "version": "5.1.0-cuasifinal-funcional.1",
      "engines": {
        "node": ">=18"
      }
    }
  }
}
